
Microsoft Visual Studio Solution File, Format Version 12.00
Project("{FAE04EC0-301F-11D3-BF4B-00C04F79EFBC}") = "Api", "Api\Api.csproj", "{C5758A0F-DEEC-4C7D-BA96-86A3369940AA}"
EndProject
Project("{FAE04EC0-301F-11D3-BF4B-00C04F79EFBC}") = "Common", "Common\Common.csproj", "{5311A632-06E8-42BD-8B77-719573EB676E}"
EndProject
Global
	GlobalSection(SolutionConfigurationPlatforms) = preSolution
		Debug|Any CPU = Debug|Any CPU
		Release|Any CPU = Release|Any CPU
	EndGlobalSection
	GlobalSection(ProjectConfigurationPlatforms) = postSolution
		{C5758A0F-DEEC-4C7D-BA96-86A3369940AA}.Debug|Any CPU.ActiveCfg = Debug|Any CPU
		{C5758A0F-DEEC-4C7D-BA96-86A3369940AA}.Debug|Any CPU.Build.0 = Debug|Any CPU
		{C5758A0F-DEEC-4C7D-BA96-86A3369940AA}.Release|Any CPU.ActiveCfg = Release|Any CPU
		{C5758A0F-DEEC-4C7D-BA96-86A3369940AA}.Release|Any CPU.Build.0 = Release|Any CPU
		{5311A632-06E8-42BD-8B77-719573EB676E}.Debug|Any CPU.ActiveCfg = Debug|Any CPU
		{5311A632-06E8-42BD-8B77-719573EB676E}.Debug|Any CPU.Build.0 = Debug|Any CPU
		{5311A632-06E8-42BD-8B77-719573EB676E}.Release|Any CPU.ActiveCfg = Release|Any CPU
		{5311A632-06E8-42BD-8B77-719573EB676E}.Release|Any CPU.Build.0 = Release|Any CPU
	EndGlobalSection
EndGlobal
